# THIS IS AN AUTOGENERATED FILE. DO NOT EDIT THIS FILE DIRECTLY.
# yarn lockfile v1


clear@^0.1.0:
  version "0.1.0"
  resolved "http://registry.npm.taobao.org/clear/download/clear-0.1.0.tgz#b81b1e03437a716984fd7ac97c87d73bdfe7048a"

commander@^2.15.1:
  version "2.15.1"
  resolved "http://registry.npm.taobao.org/commander/download/commander-2.15.1.tgz#df46e867d0fc2aec66a34662b406a9ccafff5b0f"
